Microsoft Visual Studio Solution File, Format Version 12.00
# Visual Studio Version 17
VisualStudioVersion = 17.5.2.0
MinimumVisualStudioVersion = 10.0.40219.1
Project("{FAE04EC0-301F-11D3-BF4B-00C04F79EFBC}") = "AssetManagement", "AssetManagement.csproj", "{E6F98719-BD4D-3753-5870-40375C307397}"
EndProject
Global
	GlobalSection(SolutionConfigurationPlatforms) = preSolution
		Debug|Any CPU = Debug|Any CPU
		Release|Any CPU = Release|Any CPU
	EndGlobalSection
	GlobalSection(ProjectConfigurationPlatforms) = postSolution
		{E6F98719-BD4D-3753-5870-40375C307397}.Debug|Any CPU.ActiveCfg = Debug|Any CPU
		{E6F98719-BD4D-3753-5870-40375C307397}.Debug|Any CPU.Build.0 = Debug|Any CPU
		{E6F98719-BD4D-3753-5870-40375C307397}.Release|Any CPU.ActiveCfg = Release|Any CPU
		{E6F98719-BD4D-3753-5870-40375C307397}.Release|Any CPU.Build.0 = Release|Any CPU
	EndGlobalSection
	GlobalSection(SolutionProperties) = preSolution
		HideSolutionNode = FALSE
	EndGlobalSection
	GlobalSection(ExtensibilityGlobals) = postSolution
		SolutionGuid = {F8128C3C-8A85-4E69-9455-5E9F018580EA}
	EndGlobalSection
EndGlobal
